
Microsoft Visual Studio Solution File, Format Version 12.00
# Visual Studio Version 17
VisualStudioVersion = 17.10.35122.118
MinimumVisualStudioVersion = 10.0.40219.1
Project("{FAE04EC0-301F-11D3-BF4B-00C04F79EFBC}") = "21.10_UDP_Multiplayer game", "21.10_UDP_Multiplayer game.csproj", "{1F79E679-61AC-4FD2-BFD5-478961448E63}"
EndProject
Global
	GlobalSection(SolutionConfigurationPlatforms) = preSolution
		Debug|Any CPU = Debug|Any CPU
		Release|Any CPU = Release|Any CPU
	EndGlobalSection
	GlobalSection(ProjectConfigurationPlatforms) = postSolution
		{1F79E679-61AC-4FD2-BFD5-478961448E63}.Debug|Any CPU.ActiveCfg = Debug|Any CPU
		{1F79E679-61AC-4FD2-BFD5-478961448E63}.Debug|Any CPU.Build.0 = Debug|Any CPU
		{1F79E679-61AC-4FD2-BFD5-478961448E63}.Release|Any CPU.ActiveCfg = Release|Any CPU
		{1F79E679-61AC-4FD2-BFD5-478961448E63}.Release|Any CPU.Build.0 = Release|Any CPU
	EndGlobalSection
	GlobalSection(SolutionProperties) = preSolution
		HideSolutionNode = FALSE
	EndGlobalSection
	GlobalSection(ExtensibilityGlobals) = postSolution
		SolutionGuid = {2B91717B-B673-445B-9E8D-9E58AAEEB873}
	EndGlobalSection
EndGlobal
